// !$*UTF8*$!
{
	archiveVersion = 1;
	classes = {
	};
	objectVersion = 46;
	objects = {

/* Begin PBXBuildFile section */
		16EEEDF21AC38CEA00ED5387 /* main.m in Sources */ = {isa = PBXBuildFile; fileRef = 16EEEDF11AC38CEA00ED5387 /* main.m */; };
		16EEEDF51AC38CEA00ED5387 /* AppDelegate.m in Sources */ = {isa = PBXBuildFile; fileRef = 16EEEDF41AC38CEA00ED5387 /* AppDelegate.m */; };
		16EEEDF81AC38CEA00ED5387 /* ViewController.m in Sources */ = {isa = PBXBuildFile; fileRef = 16EEEDF71AC38CEA00ED5387 /* ViewController.m */; };
		16EEEDFB1AC38CEA00ED5387 /* Main.storyboard in Resources */ = {isa = PBXBuildFile; fileRef = 16EEEDF91AC38CEA00ED5387 /* Main.storyboard */; };
		16EEEDFD1AC38CEA00ED5387 /* Images.xcassets in Resources */ = {isa = PBXBuildFile; fileRef = 16EEEDFC1AC38CEA00ED5387 /* Images.xcassets */; };
		16EEEE001AC38CEA00ED5387 /* LaunchScreen.xib in Resources */ = {isa = PBXBuildFile; fileRef = 16EEEDFE1AC38CEA00ED5387 /* LaunchScreen.xib */; };
		16EEEE0C1AC38CEA00ED5387 /* WatchKitDemoTests.m in Sources */ = {isa = PBXBuildFile; fileRef = 16EEEE0B1AC38CEA00ED5387 /* WatchKitDemoTests.m */; };
		16EEEE161AC3941100ED5387 /* MapKit.framework in Frameworks */ = {isa = PBXBuildFile; fileRef = 16EEEE151AC3941100ED5387 /* MapKit.framework */; };
		16EEEE4A1AC3A6C300ED5387 /* dsym_upload.sh in Resources */ = {isa = PBXBuildFile; fileRef = 16EEEE481AC3A6C300ED5387 /* dsym_upload.sh */; };
		16EEEE4B1AC3A6C300ED5387 /* libCrittercism_v5_1_3.a in Frameworks */ = {isa = PBXBuildFile; fileRef = 16EEEE491AC3A6C300ED5387 /* libCrittercism_v5_1_3.a */; };
		16EEEE4D1AC3A76500ED5387 /* SystemConfiguration.framework in Frameworks */ = {isa = PBXBuildFile; fileRef = 16EEEE4C1AC3A76500ED5387 /* SystemConfiguration.framework */; };
		16EEEE841AC43D4D00ED5387 /* InterfaceController.m in Sources */ = {isa = PBXBuildFile; fileRef = 16EEEE831AC43D4D00ED5387 /* InterfaceController.m */; };
		16EEEE871AC43D4D00ED5387 /* NotificationController.m in Sources */ = {isa = PBXBuildFile; fileRef = 16EEEE861AC43D4D00ED5387 /* NotificationController.m */; };
		16EEEE8A1AC43D4D00ED5387 /* GlanceController.m in Sources */ = {isa = PBXBuildFile; fileRef = 16EEEE891AC43D4D00ED5387 /* GlanceController.m */; };
		16EEEE8C1AC43D4D00ED5387 /* Images.xcassets in Resources */ = {isa = PBXBuildFile; fileRef = 16EEEE8B1AC43D4D00ED5387 /* Images.xcassets */; };
		16EEEE901AC43D4D00ED5387 /* WatchKitDemo WatchKit App.app in Resources */ = {isa = PBXBuildFile; fileRef = 16EEEE8F1AC43D4D00ED5387 /* WatchKitDemo WatchKit App.app */; };
		16EEEE981AC43D4D00ED5387 /* Interface.storyboard in Resources */ = {isa = PBXBuildFile; fileRef = 16EEEE961AC43D4D00ED5387 /* Interface.storyboard */; };
		16EEEE9A1AC43D4D00ED5387 /* Images.xcassets in Resources */ = {isa = PBXBuildFile; fileRef = 16EEEE991AC43D4D00ED5387 /* Images.xcassets */; };
		16EEEE9D1AC43D4D00ED5387 /* WatchKitDemo WatchKit Extension.appex in Embed App Extensions */ = {isa = PBXBuildFile; fileRef = 16EEEE7D1AC43D4D00ED5387 /* WatchKitDemo WatchKit Extension.appex */; settings = {ATTRIBUTES = (RemoveHeadersOnCopy, ); }; };
/* End PBXBuildFile section */

/* Begin PBXContainerItemProxy section */
		16EEEE061AC38CEA00ED5387 /* PBXContainerItemProxy */ = {
			isa = PBXContainerItemProxy;
			containerPortal = 16EEEDE41AC38CE900ED5387 /* Project object */;
			proxyType = 1;
			remoteGlobalIDString = 16EEEDEB1AC38CEA00ED5387;
			remoteInfo = WatchKitDemo;
		};
		16EEEE911AC43D4D00ED5387 /* PBXContainerItemProxy */ = {
			isa = PBXContainerItemProxy;
			containerPortal = 16EEEDE41AC38CE900ED5387 /* Project object */;
			proxyType = 1;
			remoteGlobalIDString = 16EEEE8E1AC43D4D00ED5387;
			remoteInfo = "WatchKitDemo WatchKit App";
		};
		16EEEE9B1AC43D4D00ED5387 /* PBXContainerItemProxy */ = {
			isa = PBXContainerItemProxy;
			containerPortal = 16EEEDE41AC38CE900ED5387 /* Project object */;
			proxyType = 1;
			remoteGlobalIDString = 16EEEE7C1AC43D4D00ED5387;
			remoteInfo = "WatchKitDemo WatchKit Extension";
		};
/* End PBXContainerItemProxy section */

/* Begin PBXCopyFilesBuildPhase section */
		16EEEE421AC3A44600ED5387 /* Embed App Extensions */ = {
			isa = PBXCopyFilesBuildPhase;
			buildActionMask = 2147483647;
			dstPath = "";
			dstSubfolderSpec = 13;
			files = (
				16EEEE9D1AC43D4D00ED5387 /* WatchKitDemo WatchKit Extension.appex in Embed App Extensions */,
			);
			name = "Embed App Extensions";
			runOnlyForDeploymentPostprocessing = 0;
		};
/* End PBXCopyFilesBuildPhase section */

/* Begin PBXFileReference section */
		16EEEDEC1AC38CEA00ED5387 /* WatchKitDemo.app */ = {isa = PBXFileReference; explicitFileType = wrapper.application; includeInIndex = 0; path = WatchKitDemo.app; sourceTree = BUILT_PRODUCTS_DIR; };
		16EEEDF01AC38CEA00ED5387 /* Info.plist */ = {isa = PBXFileReference; lastKnownFileType = text.plist.xml; path = Info.plist; sourceTree = "<group>"; };
		16EEEDF11AC38CEA00ED5387 /* main.m */ = {isa = PBXFileReference; lastKnownFileType = sourcecode.c.objc; path = main.m; sourceTree = "<group>"; };
		16EEEDF31AC38CEA00ED5387 /* AppDelegate.h */ = {isa = PBXFileReference; lastKnownFileType = sourcecode.c.h; path = AppDelegate.h; sourceTree = "<group>"; };
		16EEEDF41AC38CEA00ED5387 /* AppDelegate.m */ = {isa = PBXFileReference; lastKnownFileType = sourcecode.c.objc; path = AppDelegate.m; sourceTree = "<group>"; };
		16EEEDF61AC38CEA00ED5387 /* ViewController.h */ = {isa = PBXFileReference; lastKnownFileType = sourcecode.c.h; path = ViewController.h; sourceTree = "<group>"; };
		16EEEDF71AC38CEA00ED5387 /* ViewController.m */ = {isa = PBXFileReference; lastKnownFileType = sourcecode.c.objc; path = ViewController.m; sourceTree = "<group>"; };
		16EEEDFA1AC38CEA00ED5387 /* Base */ = {isa = PBXFileReference; lastKnownFileType = file.storyboard; name = Base; path = Base.lproj/Main.storyboard; sourceTree = "<group>"; };
		16EEEDFC1AC38CEA00ED5387 /* Images.xcassets */ = {isa = PBXFileReference; lastKnownFileType = folder.assetcatalog; path = Images.xcassets; sourceTree = "<group>"; };
		16EEEDFF1AC38CEA00ED5387 /* Base */ = {isa = PBXFileReference; lastKnownFileType = file.xib; name = Base; path = Base.lproj/LaunchScreen.xib; sourceTree = "<group>"; };
		16EEEE051AC38CEA00ED5387 /* WatchKitDemoTests.xctest */ = {isa = PBXFileReference; explicitFileType = wrapper.cfbundle; includeInIndex = 0; path = WatchKitDemoTests.xctest; sourceTree = BUILT_PRODUCTS_DIR; };
		16EEEE0A1AC38CEA00ED5387 /* Info.plist */ = {isa = PBXFileReference; lastKnownFileType = text.plist.xml; path = Info.plist; sourceTree = "<group>"; };
		16EEEE0B1AC38CEA00ED5387 /* WatchKitDemoTests.m */ = {isa = PBXFileReference; lastKnownFileType = sourcecode.c.objc; path = WatchKitDemoTests.m; sourceTree = "<group>"; };
		16EEEE151AC3941100ED5387 /* MapKit.framework */ = {isa = PBXFileReference; lastKnownFileType = wrapper.framework; name = MapKit.framework; path = System/Library/Frameworks/MapKit.framework; sourceTree = SDKROOT; };
		16EEEE441AC3A6C300ED5387 /* CRFilter.h */ = {isa = PBXFileReference; fileEncoding = 4; lastKnownFileType = sourcecode.c.h; path = CRFilter.h; sourceTree = "<group>"; };
		16EEEE451AC3A6C300ED5387 /* Crittercism.h */ = {isa = PBXFileReference; fileEncoding = 4; lastKnownFileType = sourcecode.c.h; path = Crittercism.h; sourceTree = "<group>"; };
		16EEEE461AC3A6C300ED5387 /* CrittercismConfig.h */ = {isa = PBXFileReference; fileEncoding = 4; lastKnownFileType = sourcecode.c.h; path = CrittercismConfig.h; sourceTree = "<group>"; };
		16EEEE471AC3A6C300ED5387 /* CrittercismDelegate.h */ = {isa = PBXFileReference; fileEncoding = 4; lastKnownFileType = sourcecode.c.h; path = CrittercismDelegate.h; sourceTree = "<group>"; };
		16EEEE481AC3A6C300ED5387 /* dsym_upload.sh */ = {isa = PBXFileReference; fileEncoding = 4; lastKnownFileType = text.script.sh; path = dsym_upload.sh; sourceTree = "<group>"; };
		16EEEE491AC3A6C300ED5387 /* libCrittercism_v5_1_3.a */ = {isa = PBXFileReference; lastKnownFileType = archive.ar; path = libCrittercism_v5_1_3.a; sourceTree = "<group>"; };
		16EEEE4C1AC3A76500ED5387 /* SystemConfiguration.framework */ = {isa = PBXFileReference; lastKnownFileType = wrapper.framework; name = SystemConfiguration.framework; path = System/Library/Frameworks/SystemConfiguration.framework; sourceTree = SDKROOT; };
		16EEEE7D1AC43D4D00ED5387 /* WatchKitDemo WatchKit Extension.appex */ = {isa = PBXFileReference; explicitFileType = "wrapper.app-extension"; includeInIndex = 0; path = "WatchKitDemo WatchKit Extension.appex"; sourceTree = BUILT_PRODUCTS_DIR; };
		16EEEE801AC43D4D00ED5387 /* Info.plist */ = {isa = PBXFileReference; lastKnownFileType = text.plist.xml; path = Info.plist; sourceTree = "<group>"; };
		16EEEE811AC43D4D00ED5387 /* PushNotificationPayload.apns */ = {isa = PBXFileReference; lastKnownFileType = text; path = PushNotificationPayload.apns; sourceTree = "<group>"; };
		16EEEE821AC43D4D00ED5387 /* InterfaceController.h */ = {isa = PBXFileReference; lastKnownFileType = sourcecode.c.h; path = InterfaceController.h; sourceTree = "<group>"; };
		16EEEE831AC43D4D00ED5387 /* InterfaceController.m */ = {isa = PBXFileReference; lastKnownFileType = sourcecode.c.objc; path = InterfaceController.m; sourceTree = "<group>"; };
		16EEEE851AC43D4D00ED5387 /* NotificationController.h */ = {isa = PBXFileReference; lastKnownFileType = sourcecode.c.h; path = NotificationController.h; sourceTree = "<group>"; };
		16EEEE861AC43D4D00ED5387 /* NotificationController.m */ = {isa = PBXFileReference; lastKnownFileType = sourcecode.c.objc; path = NotificationController.m; sourceTree = "<group>"; };
		16EEEE881AC43D4D00ED5387 /* GlanceController.h */ = {isa = PBXFileReference; lastKnownFileType = sourcecode.c.h; path = GlanceController.h; sourceTree = "<group>"; };
		16EEEE891AC43D4D00ED5387 /* GlanceController.m */ = {isa = PBXFileReference; lastKnownFileType = sourcecode.c.objc; path = GlanceController.m; sourceTree = "<group>"; };
		16EEEE8B1AC43D4D00ED5387 /* Images.xcassets */ = {isa = PBXFileReference; lastKnownFileType = folder.assetcatalog; path = Images.xcassets; sourceTree = "<group>"; };
		16EEEE8F1AC43D4D00ED5387 /* WatchKitDemo WatchKit App.app */ = {isa = PBXFileReference; explicitFileType = wrapper.application; includeInIndex = 0; path = "WatchKitDemo WatchKit App.app"; sourceTree = BUILT_PRODUCTS_DIR; };
		16EEEE951AC43D4D00ED5387 /* Info.plist */ = {isa = PBXFileReference; lastKnownFileType = text.plist.xml; path = Info.plist; sourceTree = "<group>"; };
		16EEEE971AC43D4D00ED5387 /* Base */ = {isa = PBXFileReference; lastKnownFileType = file.storyboard; name = Base; path = Base.lproj/Interface.storyboard; sourceTree = "<group>"; };
		16EEEE991AC43D4D00ED5387 /* Images.xcassets */ = {isa = PBXFileReference; lastKnownFileType = folder.assetcatalog; path = Images.xcassets; sourceTree = "<group>"; };
/* End PBXFileReference section */

/* Begin PBXFrameworksBuildPhase section */
		16EEEDE91AC38CEA00ED5387 /* Frameworks */ = {
			isa = PBXFrameworksBuildPhase;
			buildActionMask = 2147483647;
			files = (
				16EEEE4D1AC3A76500ED5387 /* SystemConfiguration.framework in Frameworks */,
				16EEEE4B1AC3A6C300ED5387 /* libCrittercism_v5_1_3.a in Frameworks */,
				16EEEE161AC3941100ED5387 /* MapKit.framework in Frameworks */,
			);
			runOnlyForDeploymentPostprocessing = 0;
		};
		16EEEE021AC38CEA00ED5387 /* Frameworks */ = {
			isa = PBXFrameworksBuildPhase;
			buildActionMask = 2147483647;
			files = (
			);
			runOnlyForDeploymentPostprocessing = 0;
		};
		16EEEE7A1AC43D4D00ED5387 /* Frameworks */ = {
			isa = PBXFrameworksBuildPhase;
			buildActionMask = 2147483647;
			files = (
			);
			runOnlyForDeploymentPostprocessing = 0;
		};
/* End PBXFrameworksBuildPhase section */

/* Begin PBXGroup section */
		16EEEDE31AC38CE900ED5387 = {
			isa = PBXGroup;
			children = (
				16EEEDEE1AC38CEA00ED5387 /* WatchKitDemo */,
				16EEEE081AC38CEA00ED5387 /* WatchKitDemoTests */,
				16EEEE7E1AC43D4D00ED5387 /* WatchKitDemo WatchKit Extension */,
				16EEEE931AC43D4D00ED5387 /* WatchKitDemo WatchKit App */,
				16EEEDED1AC38CEA00ED5387 /* Products */,
			);
			sourceTree = "<group>";
		};
		16EEEDED1AC38CEA00ED5387 /* Products */ = {
			isa = PBXGroup;
			children = (
				16EEEDEC1AC38CEA00ED5387 /* WatchKitDemo.app */,
				16EEEE051AC38CEA00ED5387 /* WatchKitDemoTests.xctest */,
				16EEEE7D1AC43D4D00ED5387 /* WatchKitDemo WatchKit Extension.appex */,
				16EEEE8F1AC43D4D00ED5387 /* WatchKitDemo WatchKit App.app */,
			);
			name = Products;
			sourceTree = "<group>";
		};
		16EEEDEE1AC38CEA00ED5387 /* WatchKitDemo */ = {
			isa = PBXGroup;
			children = (
				16EEEE431AC3A6C300ED5387 /* CrittercismSDK */,
				16EEEDF31AC38CEA00ED5387 /* AppDelegate.h */,
				16EEEDF41AC38CEA00ED5387 /* AppDelegate.m */,
				16EEEDF61AC38CEA00ED5387 /* ViewController.h */,
				16EEEDF71AC38CEA00ED5387 /* ViewController.m */,
				16EEEDF91AC38CEA00ED5387 /* Main.storyboard */,
				16EEEDFC1AC38CEA00ED5387 /* Images.xcassets */,
				16EEEDFE1AC38CEA00ED5387 /* LaunchScreen.xib */,
				16EEEDEF1AC38CEA00ED5387 /* Supporting Files */,
			);
			path = WatchKitDemo;
			sourceTree = "<group>";
		};
		16EEEDEF1AC38CEA00ED5387 /* Supporting Files */ = {
			isa = PBXGroup;
			children = (
				16EEEE4C1AC3A76500ED5387 /* SystemConfiguration.framework */,
				16EEEE151AC3941100ED5387 /* MapKit.framework */,
				16EEEDF01AC38CEA00ED5387 /* Info.plist */,
				16EEEDF11AC38CEA00ED5387 /* main.m */,
			);
			name = "Supporting Files";
			sourceTree = "<group>";
		};
		16EEEE081AC38CEA00ED5387 /* WatchKitDemoTests */ = {
			isa = PBXGroup;
			children = (
				16EEEE0B1AC38CEA00ED5387 /* WatchKitDemoTests.m */,
				16EEEE091AC38CEA00ED5387 /* Supporting Files */,
			);
			path = WatchKitDemoTests;
			sourceTree = "<group>";
		};
		16EEEE091AC38CEA00ED5387 /* Supporting Files */ = {
			isa = PBXGroup;
			children = (
				16EEEE0A1AC38CEA00ED5387 /* Info.plist */,
			);
			name = "Supporting Files";
			sourceTree = "<group>";
		};
		16EEEE431AC3A6C300ED5387 /* CrittercismSDK */ = {
			isa = PBXGroup;
			children = (
				16EEEE441AC3A6C300ED5387 /* CRFilter.h */,
				16EEEE451AC3A6C300ED5387 /* Crittercism.h */,
				16EEEE461AC3A6C300ED5387 /* CrittercismConfig.h */,
				16EEEE471AC3A6C300ED5387 /* CrittercismDelegate.h */,
				16EEEE481AC3A6C300ED5387 /* dsym_upload.sh */,
				16EEEE491AC3A6C300ED5387 /* libCrittercism_v5_1_3.a */,
			);
			path = CrittercismSDK;
			sourceTree = "<group>";
		};
		16EEEE7E1AC43D4D00ED5387 /* WatchKitDemo WatchKit Extension */ = {
			isa = PBXGroup;
			children = (
				16EEEE821AC43D4D00ED5387 /* InterfaceController.h */,
				16EEEE831AC43D4D00ED5387 /* InterfaceController.m */,
				16EEEE851AC43D4D00ED5387 /* NotificationController.h */,
				16EEEE861AC43D4D00ED5387 /* NotificationController.m */,
				16EEEE881AC43D4D00ED5387 /* GlanceController.h */,
				16EEEE891AC43D4D00ED5387 /* GlanceController.m */,
				16EEEE8B1AC43D4D00ED5387 /* Images.xcassets */,
				16EEEE7F1AC43D4D00ED5387 /* Supporting Files */,
			);
			path = "WatchKitDemo WatchKit Extension";
			sourceTree = "<group>";
		};
		16EEEE7F1AC43D4D00ED5387 /* Supporting Files */ = {
			isa = PBXGroup;
			children = (
				16EEEE801AC43D4D00ED5387 /* Info.plist */,
				16EEEE811AC43D4D00ED5387 /* PushNotificationPayload.apns */,
			);
			name = "Supporting Files";
			sourceTree = "<group>";
		};
		16EEEE931AC43D4D00ED5387 /* WatchKitDemo WatchKit App */ = {
			isa = PBXGroup;
			children = (
				16EEEE961AC43D4D00ED5387 /* Interface.storyboard */,
				16EEEE991AC43D4D00ED5387 /* Images.xcassets */,
				16EEEE941AC43D4D00ED5387 /* Supporting Files */,
			);
			path = "WatchKitDemo WatchKit App";
			sourceTree = "<group>";
		};
		16EEEE941AC43D4D00ED5387 /* Supporting Files */ = {
			isa = PBXGroup;
			children = (
				16EEEE951AC43D4D00ED5387 /* Info.plist */,
			);
			name = "Supporting Files";
			sourceTree = "<group>";
		};
/* End PBXGroup section */

/* Begin PBXNativeTarget section */
		16EEEDEB1AC38CEA00ED5387 /* WatchKitDemo */ = {
			isa = PBXNativeTarget;
			buildConfigurationList = 16EEEE0F1AC38CEA00ED5387 /* Build configuration list for PBXNativeTarget "WatchKitDemo" */;
			buildPhases = (
				16EEEDE81AC38CEA00ED5387 /* Sources */,
				16EEEDE91AC38CEA00ED5387 /* Frameworks */,
				16EEEDEA1AC38CEA00ED5387 /* Resources */,
				16EEEE421AC3A44600ED5387 /* Embed App Extensions */,
			);
			buildRules = (
			);
			dependencies = (
				16EEEE9C1AC43D4D00ED5387 /* PBXTargetDependency */,
			);
			name = WatchKitDemo;
			productName = WatchKitDemo;
			productReference = 16EEEDEC1AC38CEA00ED5387 /* WatchKitDemo.app */;
			productType = "com.apple.product-type.application";
		};
		16EEEE041AC38CEA00ED5387 /* WatchKitDemoTests */ = {
			isa = PBXNativeTarget;
			buildConfigurationList = 16EEEE121AC38CEA00ED5387 /* Build configuration list for PBXNativeTarget "WatchKitDemoTests" */;
			buildPhases = (
				16EEEE011AC38CEA00ED5387 /* Sources */,
				16EEEE021AC38CEA00ED5387 /* Frameworks */,
				16EEEE031AC38CEA00ED5387 /* Resources */,
			);
			buildRules = (
			);
			dependencies = (
				16EEEE071AC38CEA00ED5387 /* PBXTargetDependency */,
			);
			name = WatchKitDemoTests;
			productName = WatchKitDemoTests;
			productReference = 16EEEE051AC38CEA00ED5387 /* WatchKitDemoTests.xctest */;
			productType = "com.apple.product-type.bundle.unit-test";
		};
		16EEEE7C1AC43D4D00ED5387 /* WatchKitDemo WatchKit Extension */ = {
			isa = PBXNativeTarget;
			buildConfigurationList = 16EEEEA11AC43D4D00ED5387 /* Build configuration list for PBXNativeTarget "WatchKitDemo WatchKit Extension" */;
			buildPhases = (
				16EEEE791AC43D4D00ED5387 /* Sources */,
				16EEEE7A1AC43D4D00ED5387 /* Frameworks */,
				16EEEE7B1AC43D4D00ED5387 /* Resources */,
			);
			buildRules = (
			);
			dependencies = (
				16EEEE921AC43D4D00ED5387 /* PBXTargetDependency */,
			);
			name = "WatchKitDemo WatchKit Extension";
			productName = "WatchKitDemo WatchKit Extension";
			productReference = 16EEEE7D1AC43D4D00ED5387 /* WatchKitDemo WatchKit Extension.appex */;
			productType = "com.apple.product-type.watchkit-extension";
		};
		16EEEE8E1AC43D4D00ED5387 /* WatchKitDemo WatchKit App */ = {
			isa = PBXNativeTarget;
			buildConfigurationList = 16EEEE9E1AC43D4D00ED5387 /* Build configuration list for PBXNativeTarget "WatchKitDemo WatchKit App" */;
			buildPhases = (
				16EEEE8D1AC43D4D00ED5387 /* Resources */,
			);
			buildRules = (
			);
			dependencies = (
			);
			name = "WatchKitDemo WatchKit App";
			productName = "WatchKitDemo WatchKit App";
			productReference = 16EEEE8F1AC43D4D00ED5387 /* WatchKitDemo WatchKit App.app */;
			productType = "com.apple.product-type.application.watchapp";
		};
/* End PBXNativeTarget section */

/* Begin PBXProject section */
		16EEEDE41AC38CE900ED5387 /* Project object */ = {
			isa = PBXProject;
			attributes = {
				LastUpgradeCheck = 0620;
				ORGANIZATIONNAME = Crittercism;
				TargetAttributes = {
					16EEEDEB1AC38CEA00ED5387 = {
						CreatedOnToolsVersion = 6.2;
						SystemCapabilities = {
							com.apple.BackgroundModes = {
								enabled = 1;
							};
							com.apple.Maps.iOS = {
								enabled = 1;
							};
						};
					};
					16EEEE041AC38CEA00ED5387 = {
						CreatedOnToolsVersion = 6.2;
						TestTargetID = 16EEEDEB1AC38CEA00ED5387;
					};
					16EEEE7C1AC43D4D00ED5387 = {
						CreatedOnToolsVersion = 6.2;
					};
					16EEEE8E1AC43D4D00ED5387 = {
						CreatedOnToolsVersion = 6.2;
					};
				};
			};
			buildConfigurationList = 16EEEDE71AC38CE900ED5387 /* Build configuration list for PBXProject "WatchKitDemo" */;
			compatibilityVersion = "Xcode 3.2";
			developmentRegion = English;
			hasScannedForEncodings = 0;
			knownRegions = (
				en,
				Base,
			);
			mainGroup = 16EEEDE31AC38CE900ED5387;
			productRefGroup = 16EEEDED1AC38CEA00ED5387 /* Products */;
			projectDirPath = "";
			projectRoot = "";
			targets = (
				16EEEDEB1AC38CEA00ED5387 /* WatchKitDemo */,
				16EEEE041AC38CEA00ED5387 /* WatchKitDemoTests */,
				16EEEE7C1AC43D4D00ED5387 /* WatchKitDemo WatchKit Extension */,
				16EEEE8E1AC43D4D00ED5387 /* WatchKitDemo WatchKit App */,
			);
		};
/* End PBXProject section */

/* Begin PBXResourcesBuildPhase section */
		16EEEDEA1AC38CEA00ED5387 /* Resources */ = {
			isa = PBXResourcesBuildPhase;
			buildActionMask = 2147483647;
			files = (
				16EEEE4A1AC3A6C300ED5387 /* dsym_upload.sh in Resources */,
				16EEEDFB1AC38CEA00ED5387 /* Main.storyboard in Resources */,
				16EEEE001AC38CEA00ED5387 /* LaunchScreen.xib in Resources */,
				16EEEDFD1AC38CEA00ED5387 /* Images.xcassets in Resources */,
			);
			runOnlyForDeploymentPostprocessing = 0;
		};
		16EEEE031AC38CEA00ED5387 /* Resources */ = {
			isa = PBXResourcesBuildPhase;
			buildActionMask = 2147483647;
			files = (
			);
			runOnlyForDeploymentPostprocessing = 0;
		};
		16EEEE7B1AC43D4D00ED5387 /* Resources */ = {
			isa = PBXResourcesBuildPhase;
			buildActionMask = 2147483647;
			files = (
				16EEEE901AC43D4D00ED5387 /* WatchKitDemo WatchKit App.app in Resources */,
				16EEEE8C1AC43D4D00ED5387 /* Images.xcassets in Resources */,
			);
			runOnlyForDeploymentPostprocessing = 0;
		};
		16EEEE8D1AC43D4D00ED5387 /* Resources */ = {
			isa = PBXResourcesBuildPhase;
			buildActionMask = 2147483647;
			files = (
				16EEEE981AC43D4D00ED5387 /* Interface.storyboard in Resources */,
				16EEEE9A1AC43D4D00ED5387 /* Images.xcassets in Resources */,
			);
			runOnlyForDeploymentPostprocessing = 0;
		};
/* End PBXResourcesBuildPhase section */

/* Begin PBXSourcesBuildPhase section */
		16EEEDE81AC38CEA00ED5387 /* Sources */ = {
			isa = PBXSourcesBuildPhase;
			buildActionMask = 2147483647;
			files = (
				16EEEDF81AC38CEA00ED5387 /* ViewController.m in Sources */,
				16EEEDF51AC38CEA00ED5387 /* AppDelegate.m in Sources */,
				16EEEDF21AC38CEA00ED5387 /* main.m in Sources */,
			);
			runOnlyForDeploymentPostprocessing = 0;
		};
		16EEEE011AC38CEA00ED5387 /* Sources */ = {
			isa = PBXSourcesBuildPhase;
			buildActionMask = 2147483647;
			files = (
				16EEEE0C1AC38CEA00ED5387 /* WatchKitDemoTests.m in Sources */,
			);
			runOnlyForDeploymentPostprocessing = 0;
		};
		16EEEE791AC43D4D00ED5387 /* Sources */ = {
			isa = PBXSourcesBuildPhase;
			buildActionMask = 2147483647;
			files = (
				16EEEE871AC43D4D00ED5387 /* NotificationController.m in Sources */,
				16EEEE841AC43D4D00ED5387 /* InterfaceController.m in Sources */,
				16EEEE8A1AC43D4D00ED5387 /* GlanceController.m in Sources */,
			);
			runOnlyForDeploymentPostprocessing = 0;
		};
/* End PBXSourcesBuildPhase section */

/* Begin PBXTargetDependency section */
		16EEEE071AC38CEA00ED5387 /* PBXTargetDependency */ = {
			isa = PBXTargetDependency;
			target = 16EEEDEB1AC38CEA00ED5387 /* WatchKitDemo */;
			targetProxy = 16EEEE061AC38CEA00ED5387 /* PBXContainerItemProxy */;
		};
		16EEEE921AC43D4D00ED5387 /* PBXTargetDependency */ = {
			isa = PBXTargetDependency;
			target = 16EEEE8E1AC43D4D00ED5387 /* WatchKitDemo WatchKit App */;
			targetProxy = 16EEEE911AC43D4D00ED5387 /* PBXContainerItemProxy */;
		};
		16EEEE9C1AC43D4D00ED5387 /* PBXTargetDependency */ = {
			isa = PBXTargetDependency;
			target = 16EEEE7C1AC43D4D00ED5387 /* WatchKitDemo WatchKit Extension */;
			targetProxy = 16EEEE9B1AC43D4D00ED5387 /* PBXContainerItemProxy */;
		};
/* End PBXTargetDependency section */

/* Begin PBXVariantGroup section */
		16EEEDF91AC38CEA00ED5387 /* Main.storyboard */ = {
			isa = PBXVariantGroup;
			children = (
				16EEEDFA1AC38CEA00ED5387 /* Base */,
			);
			name = Main.storyboard;
			sourceTree = "<group>";
		};
		16EEEDFE1AC38CEA00ED5387 /* LaunchScreen.xib */ = {
			isa = PBXVariantGroup;
			children = (
				16EEEDFF1AC38CEA00ED5387 /* Base */,
			);
			name = LaunchScreen.xib;
			sourceTree = "<group>";
		};
		16EEEE961AC43D4D00ED5387 /* Interface.storyboard */ = {
			isa = PBXVariantGroup;
			children = (
				16EEEE971AC43D4D00ED5387 /* Base */,
			);
			name = Interface.storyboard;
			sourceTree = "<group>";
		};
/* End PBXVariantGroup section */

/* Begin XCBuildConfiguration section */
		16EEEE0D1AC38CEA00ED5387 /* Debug */ = {
			isa = XCBuildConfiguration;
			buildSettings = {
				ALWAYS_SEARCH_USER_PATHS = NO;
				CLANG_CXX_LANGUAGE_STANDARD = "gnu++0x";
				CLANG_CXX_LIBRARY = "libc++";
				CLANG_ENABLE_MODULES = YES;
				CLANG_ENABLE_OBJC_ARC = YES;
				CLANG_WARN_BOOL_CONVERSION = YES;
				CLANG_WARN_CONSTANT_CONVERSION = YES;
				CLANG_WARN_DIRECT_OBJC_ISA_USAGE = YES_ERROR;
				CLANG_WARN_EMPTY_BODY = YES;
				CLANG_WARN_ENUM_CONVERSION = YES;
				CLANG_WARN_INT_CONVERSION = YES;
				CLANG_WARN_OBJC_ROOT_CLASS = YES_ERROR;
				CLANG_WARN_UNREACHABLE_CODE = YES;
				CLANG_WARN__DUPLICATE_METHOD_MATCH = YES;
				"CODE_SIGN_IDENTITY[sdk=iphoneos*]" = "iPhone Developer";
				COPY_PHASE_STRIP = NO;
				ENABLE_STRICT_OBJC_MSGSEND = YES;
				GCC_C_LANGUAGE_STANDARD = gnu99;
				GCC_DYNAMIC_NO_PIC = NO;
				GCC_OPTIMIZATION_LEVEL = 0;
				GCC_PREPROCESSOR_DEFINITIONS = (
					"DEBUG=1",
					"$(inherited)",
				);
				GCC_SYMBOLS_PRIVATE_EXTERN = NO;
				GCC_WARN_64_TO_32_BIT_CONVERSION = YES;
				GCC_WARN_ABOUT_RETURN_TYPE = YES_ERROR;
				GCC_WARN_UNDECLARED_SELECTOR = YES;
				GCC_WARN_UNINITIALIZED_AUTOS = YES_AGGRESSIVE;
				GCC_WARN_UNUSED_FUNCTION = YES;
				GCC_WARN_UNUSED_VARIABLE = YES;
				IPHONEOS_DEPLOYMENT_TARGET = 8.2;
				MTL_ENABLE_DEBUG_INFO = YES;
				ONLY_ACTIVE_ARCH = YES;
				SDKROOT = iphoneos;
			};
			name = Debug;
		};
		16EEEE0E1AC38CEA00ED5387 /* Release */ = {
			isa = XCBuildConfiguration;
			buildSettings = {
				ALWAYS_SEARCH_USER_PATHS = NO;
				CLANG_CXX_LANGUAGE_STANDARD = "gnu++0x";
				CLANG_CXX_LIBRARY = "libc++";
				CLANG_ENABLE_MODULES = YES;
				CLANG_ENABLE_OBJC_ARC = YES;
				CLANG_WARN_BOOL_CONVERSION = YES;
				CLANG_WARN_CONSTANT_CONVERSION = YES;
				CLANG_WARN_DIRECT_OBJC_ISA_USAGE = YES_ERROR;
				CLANG_WARN_EMPTY_BODY = YES;
				CLANG_WARN_ENUM_CONVERSION = YES;
				CLANG_WARN_INT_CONVERSION = YES;
				CLANG_WARN_OBJC_ROOT_CLASS = YES_ERROR;
				CLANG_WARN_UNREACHABLE_CODE = YES;
				CLANG_WARN__DUPLICATE_METHOD_MATCH = YES;
				"CODE_SIGN_IDENTITY[sdk=iphoneos*]" = "iPhone Developer";
				COPY_PHASE_STRIP = NO;
				ENABLE_NS_ASSERTIONS = NO;
				ENABLE_STRICT_OBJC_MSGSEND = YES;
				GCC_C_LANGUAGE_STANDARD = gnu99;
				GCC_WARN_64_TO_32_BIT_CONVERSION = YES;
				GCC_WARN_ABOUT_RETURN_TYPE = YES_ERROR;
				GCC_WARN_UNDECLARED_SELECTOR = YES;
				GCC_WARN_UNINITIALIZED_AUTOS = YES_AGGRESSIVE;
				GCC_WARN_UNUSED_FUNCTION = YES;
				GCC_WARN_UNUSED_VARIABLE = YES;
				IPHONEOS_DEPLOYMENT_TARGET = 8.2;
				MTL_ENABLE_DEBUG_INFO = NO;
				SDKROOT = iphoneos;
				VALIDATE_PRODUCT = YES;
			};
			name = Release;
		};
		16EEEE101AC38CEA00ED5387 /* Debug */ = {
			isa = XCBuildConfiguration;
			buildSettings = {
				ASSETCATALOG_COMPILER_APPICON_NAME = AppIcon;
				INFOPLIST_FILE = WatchKitDemo/Info.plist;
				LD_RUNPATH_SEARCH_PATHS = "$(inherited) @executable_path/Frameworks";
				LIBRARY_SEARCH_PATHS = (
					"$(inherited)",
					"$(PROJECT_DIR)/WatchKitDemo/CrittercismSDK",
				);
				PRODUCT_NAME = "$(TARGET_NAME)";
			};
			name = Debug;
		};
		16EEEE111AC38CEA00ED5387 /* Release */ = {
			isa = XCBuildConfiguration;
			buildSettings = {
				ASSETCATALOG_COMPILER_APPICON_NAME = AppIcon;
				INFOPLIST_FILE = WatchKitDemo/Info.plist;
				LD_RUNPATH_SEARCH_PATHS = "$(inherited) @executable_path/Frameworks";
				LIBRARY_SEARCH_PATHS = (
					"$(inherited)",
					"$(PROJECT_DIR)/WatchKitDemo/CrittercismSDK",
				);
				PRODUCT_NAME = "$(TARGET_NAME)";
			};
			name = Release;
		};
		16EEEE131AC38CEA00ED5387 /* Debug */ = {
			isa = XCBuildConfiguration;
			buildSettings = {
				BUNDLE_LOADER = "$(TEST_HOST)";
				FRAMEWORK_SEARCH_PATHS = (
					"$(SDKROOT)/Developer/Library/Frameworks",
					"$(inherited)",
				);
				GCC_PREPROCESSOR_DEFINITIONS = (
					"DEBUG=1",
					"$(inherited)",
				);
				INFOPLIST_FILE = WatchKitDemoTests/Info.plist;
				LD_RUNPATH_SEARCH_PATHS = "$(inherited) @executable_path/Frameworks @loader_path/Frameworks";
				PRODUCT_NAME = "$(TARGET_NAME)";
				TEST_HOST = "$(BUILT_PRODUCTS_DIR)/WatchKitDemo.app/WatchKitDemo";
			};
			name = Debug;
		};
		16EEEE141AC38CEA00ED5387 /* Release */ = {
			isa = XCBuildConfiguration;
			buildSettings = {
				BUNDLE_LOADER = "$(TEST_HOST)";
				FRAMEWORK_SEARCH_PATHS = (
					"$(SDKROOT)/Developer/Library/Frameworks",
					"$(inherited)",
				);
				INFOPLIST_FILE = WatchKitDemoTests/Info.plist;
				LD_RUNPATH_SEARCH_PATHS = "$(inherited) @executable_path/Frameworks @loader_path/Frameworks";
				PRODUCT_NAME = "$(TARGET_NAME)";
				TEST_HOST = "$(BUILT_PRODUCTS_DIR)/WatchKitDemo.app/WatchKitDemo";
			};
			name = Release;
		};
		16EEEE9F1AC43D4D00ED5387 /* Debug */ = {
			isa = XCBuildConfiguration;
			buildSettings = {
				ASSETCATALOG_COMPILER_APPICON_NAME = AppIcon;
				GCC_PREPROCESSOR_DEFINITIONS = (
					"DEBUG=1",
					"$(inherited)",
				);
				IBSC_MODULE = WatchKitDemo_WatchKit_Extension;
				INFOPLIST_FILE = "WatchKitDemo WatchKit App/Info.plist";
				PRODUCT_NAME = "$(TARGET_NAME)";
				SKIP_INSTALL = YES;
				TARGETED_DEVICE_FAMILY = 4;
				"TARGETED_DEVICE_FAMILY[sdk=iphonesimulator*]" = "1,4";
			};
			name = Debug;
		};
		16EEEEA01AC43D4D00ED5387 /* Release */ = {
			isa = XCBuildConfiguration;
			buildSettings = {
				ASSETCATALOG_COMPILER_APPICON_NAME = AppIcon;
				IBSC_MODULE = WatchKitDemo_WatchKit_Extension;
				INFOPLIST_FILE = "WatchKitDemo WatchKit App/Info.plist";
				PRODUCT_NAME = "$(TARGET_NAME)";
				SKIP_INSTALL = YES;
				TARGETED_DEVICE_FAMILY = 4;
				"TARGETED_DEVICE_FAMILY[sdk=iphonesimulator*]" = "1,4";
			};
			name = Release;
		};
		16EEEEA21AC43D4D00ED5387 /* Debug */ = {
			isa = XCBuildConfiguration;
			buildSettings = {
				GCC_PREPROCESSOR_DEFINITIONS = (
					"DEBUG=1",
					"$(inherited)",
				);
				INFOPLIST_FILE = "WatchKitDemo WatchKit Extension/Info.plist";
				LD_RUNPATH_SEARCH_PATHS = "$(inherited) @executable_path/Frameworks @executable_path/../../Frameworks";
				PRODUCT_NAME = "${TARGET_NAME}";
				SKIP_INSTALL = YES;
			};
			name = Debug;
		};
		16EEEEA31AC43D4D00ED5387 /* Release */ = {
			isa = XCBuildConfiguration;
			buildSettings = {
				INFOPLIST_FILE = "WatchKitDemo WatchKit Extension/Info.plist";
				LD_RUNPATH_SEARCH_PATHS = "$(inherited) @executable_path/Frameworks @executable_path/../../Frameworks";
				PRODUCT_NAME = "${TARGET_NAME}";
				SKIP_INSTALL = YES;
			};
			name = Release;
		};
/* End XCBuildConfiguration section */

/* Begin XCConfigurationList section */
		16EEEDE71AC38CE900ED5387 /* Build configuration list for PBXProject "WatchKitDemo" */ = {
			isa = XCConfigurationList;
			buildConfigurations = (
				16EEEE0D1AC38CEA00ED5387 /* Debug */,
				16EEEE0E1AC38CEA00ED5387 /* Release */,
			);
			defaultConfigurationIsVisible = 0;
			defaultConfigurationName = Release;
		};
		16EEEE0F1AC38CEA00ED5387 /* Build configuration list for PBXNativeTarget "WatchKitDemo" */ = {
			isa = XCConfigurationList;
			buildConfigurations = (
				16EEEE101AC38CEA00ED5387 /* Debug */,
				16EEEE111AC38CEA00ED5387 /* Release */,
			);
			defaultConfigurationIsVisible = 0;
		};
		16EEEE121AC38CEA00ED5387 /* Build configuration list for PBXNativeTarget "WatchKitDemoTests" */ = {
			isa = XCConfigurationList;
			buildConfigurations = (
				16EEEE131AC38CEA00ED5387 /* Debug */,
				16EEEE141AC38CEA00ED5387 /* Release */,
			);
			defaultConfigurationIsVisible = 0;
		};
		16EEEE9E1AC43D4D00ED5387 /* Build configuration list for PBXNativeTarget "WatchKitDemo WatchKit App" */ = {
			isa = XCConfigurationList;
			buildConfigurations = (
				16EEEE9F1AC43D4D00ED5387 /* Debug */,
				16EEEEA01AC43D4D00ED5387 /* Release */,
			);
			defaultConfigurationIsVisible = 0;
		};
		16EEEEA11AC43D4D00ED5387 /* Build configuration list for PBXNativeTarget "WatchKitDemo WatchKit Extension" */ = {
			isa = XCConfigurationList;
			buildConfigurations = (
				16EEEEA21AC43D4D00ED5387 /* Debug */,
				16EEEEA31AC43D4D00ED5387 /* Release */,
			);
			defaultConfigurationIsVisible = 0;
		};
/* End XCConfigurationList section */
	};
	rootObject = 16EEEDE41AC38CE900ED5387 /* Project object */;
}
